
Microsoft Visual Studio Solution File, Format Version 12.00
# Visual Studio Version 17
VisualStudioVersion = 17.1.32407.343
MinimumVisualStudioVersion = 10.0.40219.1
Project("{9A19103F-16F7-4668-BE54-9A1E7A4F7556}") = "Business", "Business\Business.csproj", "{775C9451-859D-4D29-B2FF-99E339AA75D5}"
EndProject
Project("{9A19103F-16F7-4668-BE54-9A1E7A4F7556}") = "Core", "Core\Core.csproj", "{B4D865DE-F4EA-4F59-9F27-D2CA673A43B3}"
EndProject
Project("{9A19103F-16F7-4668-BE54-9A1E7A4F7556}") = "DataAccess", "DataAccess\DataAccess.csproj", "{CE456449-8559-423C-BFCB-E55F026FA0CB}"
EndProject
Project("{9A19103F-16F7-4668-BE54-9A1E7A4F7556}") = "Entities", "Entities\Entities.csproj", "{34F42AFB-C446-4516-8A40-FBA055727FEC}"
EndProject
Project("{9A19103F-16F7-4668-BE54-9A1E7A4F7556}") = "WebApi", "WebApi\WebApi.csproj", "{223E316A-77EF-4237-A58B-01B73A359547}"
EndProject
Global
	GlobalSection(SolutionConfigurationPlatforms) = preSolution
		Debug|Any CPU = Debug|Any CPU
		Release|Any CPU = Release|Any CPU
	EndGlobalSection
	GlobalSection(ProjectConfigurationPlatforms) = postSolution
		{775C9451-859D-4D29-B2FF-99E339AA75D5}.Debug|Any CPU.ActiveCfg = Debug|Any CPU
		{775C9451-859D-4D29-B2FF-99E339AA75D5}.Debug|Any CPU.Build.0 = Debug|Any CPU
		{775C9451-859D-4D29-B2FF-99E339AA75D5}.Release|Any CPU.ActiveCfg = Release|Any CPU
		{775C9451-859D-4D29-B2FF-99E339AA75D5}.Release|Any CPU.Build.0 = Release|Any CPU
		{B4D865DE-F4EA-4F59-9F27-D2CA673A43B3}.Debug|Any CPU.ActiveCfg = Debug|Any CPU
		{B4D865DE-F4EA-4F59-9F27-D2CA673A43B3}.Debug|Any CPU.Build.0 = Debug|Any CPU
		{B4D865DE-F4EA-4F59-9F27-D2CA673A43B3}.Release|Any CPU.ActiveCfg = Release|Any CPU
		{B4D865DE-F4EA-4F59-9F27-D2CA673A43B3}.Release|Any CPU.Build.0 = Release|Any CPU
		{CE456449-8559-423C-BFCB-E55F026FA0CB}.Debug|Any CPU.ActiveCfg = Debug|Any CPU
		{CE456449-8559-423C-BFCB-E55F026FA0CB}.Debug|Any CPU.Build.0 = Debug|Any CPU
		{CE456449-8559-423C-BFCB-E55F026FA0CB}.Release|Any CPU.ActiveCfg = Release|Any CPU
		{CE456449-8559-423C-BFCB-E55F026FA0CB}.Release|Any CPU.Build.0 = Release|Any CPU
		{34F42AFB-C446-4516-8A40-FBA055727FEC}.Debug|Any CPU.ActiveCfg = Debug|Any CPU
		{34F42AFB-C446-4516-8A40-FBA055727FEC}.Debug|Any CPU.Build.0 = Debug|Any CPU
		{34F42AFB-C446-4516-8A40-FBA055727FEC}.Release|Any CPU.ActiveCfg = Release|Any CPU
		{34F42AFB-C446-4516-8A40-FBA055727FEC}.Release|Any CPU.Build.0 = Release|Any CPU
		{223E316A-77EF-4237-A58B-01B73A359547}.Debug|Any CPU.ActiveCfg = Debug|Any CPU
		{223E316A-77EF-4237-A58B-01B73A359547}.Debug|Any CPU.Build.0 = Debug|Any CPU
		{223E316A-77EF-4237-A58B-01B73A359547}.Release|Any CPU.ActiveCfg = Release|Any CPU
		{223E316A-77EF-4237-A58B-01B73A359547}.Release|Any CPU.Build.0 = Release|Any CPU
	EndGlobalSection
	GlobalSection(SolutionProperties) = preSolution
		HideSolutionNode = FALSE
	EndGlobalSection
	GlobalSection(ExtensibilityGlobals) = postSolution
		SolutionGuid = {F070F584-2809-443B-9D84-A1CEEFB33B84}
	EndGlobalSection
EndGlobal
